{
    "_meta": {
        "hash": {
            "sha256": "f3415ee993b4d9dd52b99cd83f6dbcbbd0ba14f62e134a7337fdfc0921154a53"
        },
        "pipfile-spec": 6,
        "requires": {
            "python_version": "3.7"
        },
        "sources": [
            {
                "name": "pypi",
                "url": "https://pypi.org/simple",
                "verify_ssl": true
            }
        ]
    },
    "default": {},
    "develop": {
        "py": {
            "hashes": [
                "sha256:64f65755aee5b381cea27766a3a147c3f15b9b6b9ac88676de66ba2ae36793fa",
                "sha256:dc639b046a6e2cff5bbe40194ad65936d6ba360b52b3c3fe1d08a82dd50b5e53"
            ],
            "version": "==1.8.0"
        },
        "pytest": {
            "hashes": [
                "sha256:ba6ae459222c3ee650d9e7a3f8cbf69c23c20ed6977496e9081f3b8da19107d0",
                "sha256:e82bc0596ee96b2287c08705cfcb6898db1fe4b5c87db3b6823f1fdd77fb3ff1"
            ],
            "index": "pypi",
            "version": "==3.0.1"
        }
    }
}
